
Microsoft Visual Studio Solution File, Format Version 12.00
# Visual Studio 14
VisualStudioVersion = 14.0.25420.1
MinimumVisualStudioVersion = 10.0.40219.1
Project("{2150E333-8FDC-42A3-9474-1A3956D46DE8}") = "Tests", "Tests", "{0B2E26DE-B2BA-4F53-B342-2F96EB6443DC}"
EndProject
Project("{FAE04EC0-301F-11D3-BF4B-00C04F79EFBC}") = "RestKit", "src\RestKit\RestKit.csproj", "{DE3A6223-AF0A-4583-BDFB-63957829E7BA}"
EndProject
Project("{FAE04EC0-301F-11D3-BF4B-00C04F79EFBC}") = "RestKit.Tests", "src\RestKit.Tests\RestKit.Tests.csproj", "{F22776B8-60ED-4FB1-A73E-D689C8522A89}"
EndProject
Project("{FAE04EC0-301F-11D3-BF4B-00C04F79EFBC}") = "RestKit.IntegrationTests", "src\RestKit.IntegrationTests\RestKit.IntegrationTests.csproj", "{BFD78411-96A2-4EDE-96B1-93007BAB69CD}"
EndProject
Global
	GlobalSection(SolutionConfigurationPlatforms) = preSolution
		Debug|Any CPU = Debug|Any CPU
		Release|Any CPU = Release|Any CPU
	EndGlobalSection
	GlobalSection(ProjectConfigurationPlatforms) = postSolution
		{DE3A6223-AF0A-4583-BDFB-63957829E7BA}.Debug|Any CPU.ActiveCfg = Debug|Any CPU
		{DE3A6223-AF0A-4583-BDFB-63957829E7BA}.Debug|Any CPU.Build.0 = Debug|Any CPU
		{DE3A6223-AF0A-4583-BDFB-63957829E7BA}.Release|Any CPU.ActiveCfg = Release|Any CPU
		{DE3A6223-AF0A-4583-BDFB-63957829E7BA}.Release|Any CPU.Build.0 = Release|Any CPU
		{F22776B8-60ED-4FB1-A73E-D689C8522A89}.Debug|Any CPU.ActiveCfg = Debug|Any CPU
		{F22776B8-60ED-4FB1-A73E-D689C8522A89}.Debug|Any CPU.Build.0 = Debug|Any CPU
		{F22776B8-60ED-4FB1-A73E-D689C8522A89}.Release|Any CPU.ActiveCfg = Release|Any CPU
		{F22776B8-60ED-4FB1-A73E-D689C8522A89}.Release|Any CPU.Build.0 = Release|Any CPU
		{BFD78411-96A2-4EDE-96B1-93007BAB69CD}.Debug|Any CPU.ActiveCfg = Debug|Any CPU
		{BFD78411-96A2-4EDE-96B1-93007BAB69CD}.Debug|Any CPU.Build.0 = Debug|Any CPU
		{BFD78411-96A2-4EDE-96B1-93007BAB69CD}.Release|Any CPU.ActiveCfg = Release|Any CPU
		{BFD78411-96A2-4EDE-96B1-93007BAB69CD}.Release|Any CPU.Build.0 = Release|Any CPU
	EndGlobalSection
	GlobalSection(SolutionProperties) = preSolution
		HideSolutionNode = FALSE
	EndGlobalSection
	GlobalSection(NestedProjects) = preSolution
		{F22776B8-60ED-4FB1-A73E-D689C8522A89} = {0B2E26DE-B2BA-4F53-B342-2F96EB6443DC}
		{BFD78411-96A2-4EDE-96B1-93007BAB69CD} = {0B2E26DE-B2BA-4F53-B342-2F96EB6443DC}
	EndGlobalSection
EndGlobal
